{
  "name": "elmota",
  "version": "1.0.0",
  "lockfileVersion": 1,
  "requires": true,
  "dependencies": {
    "shut": {
      "version": "6.2.2",
      "resolved": "https://registry.npmjs.org/shut/-/shut-6.2.2.tgz",
      "integrity": "sha512-qjVqq44GffgX07txGTyaJnNMuQzzDV/Ur8PwTLJK+6jsCbMjOw5EmsSFR3VPj3ofwqRAmg6st6AD187R5ePtHA=="
    }
  }
}
